
Microsoft Visual Studio Solution File, Format Version 12.00
# Visual Studio Version 16
VisualStudioVersion = 16.0.31321.278
MinimumVisualStudioVersion = 10.0.40219.1
Project("{FAE04EC0-301F-11D3-BF4B-00C04F79EFBC}") = "Proyecto06082021.Android", "Proyecto06082021\Proyecto06082021.Android\Proyecto06082021.Android.csproj", "{5827E499-7222-45AB-A708-5CD66F278C4C}"
EndProject
Project("{FAE04EC0-301F-11D3-BF4B-00C04F79EFBC}") = "Proyecto06082021", "Proyecto06082021\Proyecto06082021\Proyecto06082021.csproj", "{9FCE7FD9-1FFA-4528-BB73-11AA196A0A9E}"
EndProject
Global
	GlobalSection(SolutionConfigurationPlatforms) = preSolution
		Debug|Any CPU = Debug|Any CPU
		Release|Any CPU = Release|Any CPU
	EndGlobalSection
	GlobalSection(ProjectConfigurationPlatforms) = postSolution
		{5827E499-7222-45AB-A708-5CD66F278C4C}.Debug|Any CPU.ActiveCfg = Debug|Any CPU
		{5827E499-7222-45AB-A708-5CD66F278C4C}.Debug|Any CPU.Build.0 = Debug|Any CPU
		{5827E499-7222-45AB-A708-5CD66F278C4C}.Debug|Any CPU.Deploy.0 = Debug|Any CPU
		{5827E499-7222-45AB-A708-5CD66F278C4C}.Release|Any CPU.ActiveCfg = Release|Any CPU
		{5827E499-7222-45AB-A708-5CD66F278C4C}.Release|Any CPU.Build.0 = Release|Any CPU
		{5827E499-7222-45AB-A708-5CD66F278C4C}.Release|Any CPU.Deploy.0 = Release|Any CPU
		{9FCE7FD9-1FFA-4528-BB73-11AA196A0A9E}.Debug|Any CPU.ActiveCfg = Debug|Any CPU
		{9FCE7FD9-1FFA-4528-BB73-11AA196A0A9E}.Debug|Any CPU.Build.0 = Debug|Any CPU
		{9FCE7FD9-1FFA-4528-BB73-11AA196A0A9E}.Debug|Any CPU.Deploy.0 = Debug|Any CPU
		{9FCE7FD9-1FFA-4528-BB73-11AA196A0A9E}.Release|Any CPU.ActiveCfg = Release|Any CPU
		{9FCE7FD9-1FFA-4528-BB73-11AA196A0A9E}.Release|Any CPU.Build.0 = Release|Any CPU
		{9FCE7FD9-1FFA-4528-BB73-11AA196A0A9E}.Release|Any CPU.Deploy.0 = Release|Any CPU
	EndGlobalSection
	GlobalSection(SolutionProperties) = preSolution
		HideSolutionNode = FALSE
	EndGlobalSection
	GlobalSection(ExtensibilityGlobals) = postSolution
		SolutionGuid = {6F908CBC-F76D-4539-BBCD-8A5C3DAD0098}
	EndGlobalSection
EndGlobal
